// !$*UTF8*$!
{
	archiveVersion = 1;
	classes = {
	};
	objectVersion = 55;
	objects = {

/* Begin PBXBuildFile section */
		3CC1905B7BC9E1CF41E2D63B /* Pods_CheckCovid.framework in Frameworks */ = {isa = PBXBuildFile; fileRef = 79F489BF04E534D90338DBDA /* Pods_CheckCovid.framework */; settings = {ATTRIBUTES = (Required, ); }; };
		B5141C952784E2C300482405 /* APIError.swift in Sources */ = {isa = PBXBuildFile; fileRef = B5141C942784E2C300482405 /* APIError.swift */; };
		B596CD14276DD503006E449C /* WidgetKit.framework in Frameworks */ = {isa = PBXBuildFile; fileRef = B596CD13276DD503006E449C /* WidgetKit.framework */; };
		B596CD16276DD503006E449C /* SwiftUI.framework in Frameworks */ = {isa = PBXBuildFile; fileRef = B596CD15276DD503006E449C /* SwiftUI.framework */; };
		B596CD19276DD503006E449C /* CovidWidget.swift in Sources */ = {isa = PBXBuildFile; fileRef = B596CD18276DD503006E449C /* CovidWidget.swift */; };
		B596CD1C276DD504006E449C /* Assets.xcassets in Resources */ = {isa = PBXBuildFile; fileRef = B596CD1B276DD504006E449C /* Assets.xcassets */; };
		B596CD1E276DD504006E449C /* CovidWidget.intentdefinition in Sources */ = {isa = PBXBuildFile; fileRef = B596CD1A276DD503006E449C /* CovidWidget.intentdefinition */; };
		B5A1F831278469640004E222 /* GubunTableViewCell.swift in Sources */ = {isa = PBXBuildFile; fileRef = B5A1F830278469640004E222 /* GubunTableViewCell.swift */; };
		B5AB19A5276B9BAF001EEB1B /* CovidInfo.plist in Resources */ = {isa = PBXBuildFile; fileRef = B5AB19A4276B9BAF001EEB1B /* CovidInfo.plist */; };
		B5AB19A7276B9F14001EEB1B /* CheckCovid+Bundle.swift in Sources */ = {isa = PBXBuildFile; fileRef = B5AB19A6276B9F14001EEB1B /* CheckCovid+Bundle.swift */; };
		B5AB19B3276CC957001EEB1B /* CovidInfoParser.swift in Sources */ = {isa = PBXBuildFile; fileRef = B5AB19B2276CC957001EEB1B /* CovidInfoParser.swift */; };
		B5AB19B5276CC96F001EEB1B /* CovidInfo.swift in Sources */ = {isa = PBXBuildFile; fileRef = B5AB19B4276CC96F001EEB1B /* CovidInfo.swift */; };
		B5BDFD7C2765563900F55281 /* AppDelegate.swift in Sources */ = {isa = PBXBuildFile; fileRef = B5BDFD7B2765563900F55281 /* AppDelegate.swift */; };
		B5BDFD7E2765563900F55281 /* SceneDelegate.swift in Sources */ = {isa = PBXBuildFile; fileRef = B5BDFD7D2765563900F55281 /* SceneDelegate.swift */; };
		B5BDFD802765563900F55281 /* ViewController.swift in Sources */ = {isa = PBXBuildFile; fileRef = B5BDFD7F2765563900F55281 /* ViewController.swift */; };
		B5BDFD832765563900F55281 /* Main.storyboard in Resources */ = {isa = PBXBuildFile; fileRef = B5BDFD812765563900F55281 /* Main.storyboard */; };
		B5BDFD852765563A00F55281 /* Assets.xcassets in Resources */ = {isa = PBXBuildFile; fileRef = B5BDFD842765563A00F55281 /* Assets.xcassets */; };
		B5BDFD882765563A00F55281 /* LaunchScreen.storyboard in Resources */ = {isa = PBXBuildFile; fileRef = B5BDFD862765563A00F55281 /* LaunchScreen.storyboard */; };
		B5D13B37277CE05C00C50DAB /* DailyCovidInfo.swift in Sources */ = {isa = PBXBuildFile; fileRef = B5D13B36277CE05C00C50DAB /* DailyCovidInfo.swift */; };
		B5D13B38277CE1B100C50DAB /* DailyCovidInfo.swift in Sources */ = {isa = PBXBuildFile; fileRef = B5D13B36277CE05C00C50DAB /* DailyCovidInfo.swift */; };
		B5E8210927744C1200DFE4A3 /* APIRequest.swift in Sources */ = {isa = PBXBuildFile; fileRef = B5E8210827744C1200DFE4A3 /* APIRequest.swift */; };
		B5E8210B277473B000DFE4A3 /* APIService.swift in Sources */ = {isa = PBXBuildFile; fileRef = B5E8210A277473B000DFE4A3 /* APIService.swift */; };
		B5F6AE9527721DC7002D2C05 /* CheckCovid+UserDefaults.swift in Sources */ = {isa = PBXBuildFile; fileRef = B5F6AE9427721DC7002D2C05 /* CheckCovid+UserDefaults.swift */; };
		B5F6AE9F27723372002D2C05 /* CovidInfo.swift in Sources */ = {isa = PBXBuildFile; fileRef = B5AB19B4276CC96F001EEB1B /* CovidInfo.swift */; };
		B5F6AEA027723C21002D2C05 /* CheckCovid+UserDefaults.swift in Sources */ = {isa = PBXBuildFile; fileRef = B5F6AE9427721DC7002D2C05 /* CheckCovid+UserDefaults.swift */; };
		B5F6AEA42772428C002D2C05 /* Pods_CheckCovid.framework in Frameworks */ = {isa = PBXBuildFile; fileRef = 79F489BF04E534D90338DBDA /* Pods_CheckCovid.framework */; };
		B5F6AEAA2772504F002D2C05 /* CovidWidgetExtension.appex in Resources */ = {isa = PBXBuildFile; fileRef = B596CD12276DD503006E449C /* CovidWidgetExtension.appex */; platformFilter = ios; };
		B5F6AEAD2772506D002D2C05 /* CovidWidgetExtension.appex in Embed App Extensions */ = {isa = PBXBuildFile; fileRef = B596CD12276DD503006E449C /* CovidWidgetExtension.appex */; platformFilter = ios; settings = {ATTRIBUTES = (RemoveHeadersOnCopy, ); }; };
/* End PBXBuildFile section */

/* Begin PBXContainerItemProxy section */
		B596CD20276DD504006E449C /* PBXContainerItemProxy */ = {
			isa = PBXContainerItemProxy;
			containerPortal = B5BDFD702765563900F55281 /* Project object */;
			proxyType = 1;
			remoteGlobalIDString = B596CD11276DD503006E449C;
			remoteInfo = CovidWidgetExtension;
		};
/* End PBXContainerItemProxy section */

/* Begin PBXCopyFilesBuildPhase section */
		B596CD26276DD504006E449C /* Embed App Extensions */ = {
			isa = PBXCopyFilesBuildPhase;
			buildActionMask = 2147483647;
			dstPath = "";
			dstSubfolderSpec = 13;
			files = (
				B5F6AEAD2772506D002D2C05 /* CovidWidgetExtension.appex in Embed App Extensions */,
			);
			name = "Embed App Extensions";
			runOnlyForDeploymentPostprocessing = 0;
		};
/* End PBXCopyFilesBuildPhase section */

/* Begin PBXFileReference section */
		6CB4AF048AE9FF54136056A0 /* Pods-CheckCovid.release.xcconfig */ = {isa = PBXFileReference; includeInIndex = 1; lastKnownFileType = text.xcconfig; name = "Pods-CheckCovid.release.xcconfig"; path = "Target Support Files/Pods-CheckCovid/Pods-CheckCovid.release.xcconfig"; sourceTree = "<group>"; };
		79F489BF04E534D90338DBDA /* Pods_CheckCovid.framework */ = {isa = PBXFileReference; explicitFileType = wrapper.framework; includeInIndex = 0; path = Pods_CheckCovid.framework; sourceTree = BUILT_PRODUCTS_DIR; };
		B5141C942784E2C300482405 /* APIError.swift */ = {isa = PBXFileReference; lastKnownFileType = sourcecode.swift; path = APIError.swift; sourceTree = "<group>"; };
		B596CD12276DD503006E449C /* CovidWidgetExtension.appex */ = {isa = PBXFileReference; explicitFileType = "wrapper.app-extension"; includeInIndex = 0; path = CovidWidgetExtension.appex; sourceTree = BUILT_PRODUCTS_DIR; };
		B596CD13276DD503006E449C /* WidgetKit.framework */ = {isa = PBXFileReference; lastKnownFileType = wrapper.framework; name = WidgetKit.framework; path = System/Library/Frameworks/WidgetKit.framework; sourceTree = SDKROOT; };
		B596CD15276DD503006E449C /* SwiftUI.framework */ = {isa = PBXFileReference; lastKnownFileType = wrapper.framework; name = SwiftUI.framework; path = System/Library/Frameworks/SwiftUI.framework; sourceTree = SDKROOT; };
		B596CD18276DD503006E449C /* CovidWidget.swift */ = {isa = PBXFileReference; lastKnownFileType = sourcecode.swift; path = CovidWidget.swift; sourceTree = "<group>"; };
		B596CD1A276DD503006E449C /* CovidWidget.intentdefinition */ = {isa = PBXFileReference; lastKnownFileType = file.intentdefinition; path = CovidWidget.intentdefinition; sourceTree = "<group>"; };
		B596CD1B276DD504006E449C /* Assets.xcassets */ = {isa = PBXFileReference; lastKnownFileType = folder.assetcatalog; path = Assets.xcassets; sourceTree = "<group>"; };
		B596CD1D276DD504006E449C /* Info.plist */ = {isa = PBXFileReference; lastKnownFileType = text.plist.xml; path = Info.plist; sourceTree = "<group>"; };
		B5A1F830278469640004E222 /* GubunTableViewCell.swift */ = {isa = PBXFileReference; lastKnownFileType = sourcecode.swift; path = GubunTableViewCell.swift; sourceTree = "<group>"; };
		B5AB19A4276B9BAF001EEB1B /* CovidInfo.plist */ = {isa = PBXFileReference; lastKnownFileType = text.plist.xml; path = CovidInfo.plist; sourceTree = "<group>"; };
		B5AB19A6276B9F14001EEB1B /* CheckCovid+Bundle.swift */ = {isa = PBXFileReference; lastKnownFileType = sourcecode.swift; path = "CheckCovid+Bundle.swift"; sourceTree = "<group>"; };
		B5AB19B2276CC957001EEB1B /* CovidInfoParser.swift */ = {isa = PBXFileReference; lastKnownFileType = sourcecode.swift; path = CovidInfoParser.swift; sourceTree = "<group>"; };
		B5AB19B4276CC96F001EEB1B /* CovidInfo.swift */ = {isa = PBXFileReference; lastKnownFileType = sourcecode.swift; path = CovidInfo.swift; sourceTree = "<group>"; };
		B5BDFD782765563900F55281 /* CheckCovid.app */ = {isa = PBXFileReference; explicitFileType = wrapper.application; includeInIndex = 0; path = CheckCovid.app; sourceTree = BUILT_PRODUCTS_DIR; };
		B5BDFD7B2765563900F55281 /* AppDelegate.swift */ = {isa = PBXFileReference; lastKnownFileType = sourcecode.swift; path = AppDelegate.swift; sourceTree = "<group>"; };
		B5BDFD7D2765563900F55281 /* SceneDelegate.swift */ = {isa = PBXFileReference; lastKnownFileType = sourcecode.swift; path = SceneDelegate.swift; sourceTree = "<group>"; };
		B5BDFD7F2765563900F55281 /* ViewController.swift */ = {isa = PBXFileReference; lastKnownFileType = sourcecode.swift; path = ViewController.swift; sourceTree = "<group>"; };
		B5BDFD822765563900F55281 /* Base */ = {isa = PBXFileReference; lastKnownFileType = file.storyboard; name = Base; path = Base.lproj/Main.storyboard; sourceTree = "<group>"; };
		B5BDFD842765563A00F55281 /* Assets.xcassets */ = {isa = PBXFileReference; lastKnownFileType = folder.assetcatalog; path = Assets.xcassets; sourceTree = "<group>"; };
		B5BDFD872765563A00F55281 /* Base */ = {isa = PBXFileReference; lastKnownFileType = file.storyboard; name = Base; path = Base.lproj/LaunchScreen.storyboard; sourceTree = "<group>"; };
		B5BDFD892765563A00F55281 /* Info.plist */ = {isa = PBXFileReference; lastKnownFileType = text.plist.xml; path = Info.plist; sourceTree = "<group>"; };
		B5D13B36277CE05C00C50DAB /* DailyCovidInfo.swift */ = {isa = PBXFileReference; lastKnownFileType = sourcecode.swift; path = DailyCovidInfo.swift; sourceTree = "<group>"; };
		B5E8210827744C1200DFE4A3 /* APIRequest.swift */ = {isa = PBXFileReference; lastKnownFileType = sourcecode.swift; path = APIRequest.swift; sourceTree = "<group>"; };
		B5E8210A277473B000DFE4A3 /* APIService.swift */ = {isa = PBXFileReference; lastKnownFileType = sourcecode.swift; path = APIService.swift; sourceTree = "<group>"; };
		B5F6AE922771DED4002D2C05 /* CheckCovid.entitlements */ = {isa = PBXFileReference; lastKnownFileType = text.plist.entitlements; path = CheckCovid.entitlements; sourceTree = "<group>"; };
		B5F6AE932771DF16002D2C05 /* CovidWidgetExtension.entitlements */ = {isa = PBXFileReference; lastKnownFileType = text.plist.entitlements; path = CovidWidgetExtension.entitlements; sourceTree = "<group>"; };
		B5F6AE9427721DC7002D2C05 /* CheckCovid+UserDefaults.swift */ = {isa = PBXFileReference; lastKnownFileType = sourcecode.swift; path = "CheckCovid+UserDefaults.swift"; sourceTree = "<group>"; };
		C1CE94ED8F96764A2695677E /* Pods-CheckCovid.debug.xcconfig */ = {isa = PBXFileReference; includeInIndex = 1; lastKnownFileType = text.xcconfig; name = "Pods-CheckCovid.debug.xcconfig"; path = "Target Support Files/Pods-CheckCovid/Pods-CheckCovid.debug.xcconfig"; sourceTree = "<group>"; };
/* End PBXFileReference section */

/* Begin PBXFrameworksBuildPhase section */
		B596CD0F276DD503006E449C /* Frameworks */ = {
			isa = PBXFrameworksBuildPhase;
			buildActionMask = 2147483647;
			files = (
				B596CD16276DD503006E449C /* SwiftUI.framework in Frameworks */,
				B5F6AEA42772428C002D2C05 /* Pods_CheckCovid.framework in Frameworks */,
				B596CD14276DD503006E449C /* WidgetKit.framework in Frameworks */,
			);
			runOnlyForDeploymentPostprocessing = 0;
		};
		B5BDFD752765563900F55281 /* Frameworks */ = {
			isa = PBXFrameworksBuildPhase;
			buildActionMask = 2147483647;
			files = (
				3CC1905B7BC9E1CF41E2D63B /* Pods_CheckCovid.framework in Frameworks */,
			);
			runOnlyForDeploymentPostprocessing = 0;
		};
/* End PBXFrameworksBuildPhase section */

/* Begin PBXGroup section */
		B596CD17276DD503006E449C /* CovidWidget */ = {
			isa = PBXGroup;
			children = (
				B596CD18276DD503006E449C /* CovidWidget.swift */,
				B596CD1A276DD503006E449C /* CovidWidget.intentdefinition */,
				B596CD1B276DD504006E449C /* Assets.xcassets */,
				B596CD1D276DD504006E449C /* Info.plist */,
			);
			path = CovidWidget;
			sourceTree = "<group>";
		};
		B5AB19AF276CC858001EEB1B /* Model */ = {
			isa = PBXGroup;
			children = (
				B5D13B36277CE05C00C50DAB /* DailyCovidInfo.swift */,
				B5AB19B4276CC96F001EEB1B /* CovidInfo.swift */,
			);
			path = Model;
			sourceTree = "<group>";
		};
		B5AB19B0276CC87D001EEB1B /* Supporting Files */ = {
			isa = PBXGroup;
			children = (
				B5BDFD7B2765563900F55281 /* AppDelegate.swift */,
				B5BDFD7D2765563900F55281 /* SceneDelegate.swift */,
				B5BDFD842765563A00F55281 /* Assets.xcassets */,
				B5BDFD862765563A00F55281 /* LaunchScreen.storyboard */,
				B5F6AE9427721DC7002D2C05 /* CheckCovid+UserDefaults.swift */,
			);
			path = "Supporting Files";
			sourceTree = "<group>";
		};
		B5AB19B1276CC89F001EEB1B /* Services */ = {
			isa = PBXGroup;
			children = (
				B5AB19B2276CC957001EEB1B /* CovidInfoParser.swift */,
				B5AB19A6276B9F14001EEB1B /* CheckCovid+Bundle.swift */,
				B5E8210827744C1200DFE4A3 /* APIRequest.swift */,
				B5E8210A277473B000DFE4A3 /* APIService.swift */,
				B5141C942784E2C300482405 /* APIError.swift */,
			);
			path = Services;
			sourceTree = "<group>";
		};
		B5BDFD6F2765563900F55281 = {
			isa = PBXGroup;
			children = (
				B5F6AE932771DF16002D2C05 /* CovidWidgetExtension.entitlements */,
				B5AB19A4276B9BAF001EEB1B /* CovidInfo.plist */,
				B5BDFD7A2765563900F55281 /* CheckCovid */,
				B596CD17276DD503006E449C /* CovidWidget */,
				B5BDFD792765563900F55281 /* Products */,
				F4C2AE13BC2E82E3D11E117B /* Pods */,
				CA2CD204E807B582B8EBF85E /* Frameworks */,
			);
			sourceTree = "<group>";
		};
		B5BDFD792765563900F55281 /* Products */ = {
			isa = PBXGroup;
			children = (
				B5BDFD782765563900F55281 /* CheckCovid.app */,
				B596CD12276DD503006E449C /* CovidWidgetExtension.appex */,
			);
			name = Products;
			sourceTree = "<group>";
		};
		B5BDFD7A2765563900F55281 /* CheckCovid */ = {
			isa = PBXGroup;
			children = (
				B5BDFD812765563900F55281 /* Main.storyboard */,
				B5AB19AF276CC858001EEB1B /* Model */,
				B5D13B3A277CE82F00C50DAB /* Controller */,
				B5AB19B1276CC89F001EEB1B /* Services */,
				B5AB19B0276CC87D001EEB1B /* Supporting Files */,
				B5BDFD892765563A00F55281 /* Info.plist */,
				B5F6AE922771DED4002D2C05 /* CheckCovid.entitlements */,
			);
			path = CheckCovid;
			sourceTree = "<group>";
		};
		B5D13B3A277CE82F00C50DAB /* Controller */ = {
			isa = PBXGroup;
			children = (
				B5BDFD7F2765563900F55281 /* ViewController.swift */,
				B5A1F830278469640004E222 /* GubunTableViewCell.swift */,
			);
			path = Controller;
			sourceTree = "<group>";
		};
		CA2CD204E807B582B8EBF85E /* Frameworks */ = {
			isa = PBXGroup;
			children = (
				79F489BF04E534D90338DBDA /* Pods_CheckCovid.framework */,
				B596CD13276DD503006E449C /* WidgetKit.framework */,
				B596CD15276DD503006E449C /* SwiftUI.framework */,
			);
			name = Frameworks;
			sourceTree = "<group>";
		};
		F4C2AE13BC2E82E3D11E117B /* Pods */ = {
			isa = PBXGroup;
			children = (
				C1CE94ED8F96764A2695677E /* Pods-CheckCovid.debug.xcconfig */,
				6CB4AF048AE9FF54136056A0 /* Pods-CheckCovid.release.xcconfig */,
			);
			path = Pods;
			sourceTree = "<group>";
		};
/* End PBXGroup section */

/* Begin PBXNativeTarget section */
		B596CD11276DD503006E449C /* CovidWidgetExtension */ = {
			isa = PBXNativeTarget;
			buildConfigurationList = B596CD23276DD504006E449C /* Build configuration list for PBXNativeTarget "CovidWidgetExtension" */;
			buildPhases = (
				B596CD0E276DD503006E449C /* Sources */,
				B596CD0F276DD503006E449C /* Frameworks */,
				B596CD10276DD503006E449C /* Resources */,
			);
			buildRules = (
			);
			dependencies = (
			);
			name = CovidWidgetExtension;
			productName = CovidWidgetExtension;
			productReference = B596CD12276DD503006E449C /* CovidWidgetExtension.appex */;
			productType = "com.apple.product-type.app-extension";
		};
		B5BDFD772765563900F55281 /* CheckCovid */ = {
			isa = PBXNativeTarget;
			buildConfigurationList = B5BDFD8C2765563A00F55281 /* Build configuration list for PBXNativeTarget "CheckCovid" */;
			buildPhases = (
				FBD3D0CE6AFB16FFB522062B /* [CP] Check Pods Manifest.lock */,
				B5BDFD742765563900F55281 /* Sources */,
				B5BDFD752765563900F55281 /* Frameworks */,
				B5BDFD762765563900F55281 /* Resources */,
				273BC285C6F8176CFD839672 /* [CP] Embed Pods Frameworks */,
				B596CD26276DD504006E449C /* Embed App Extensions */,
			);
			buildRules = (
			);
			dependencies = (
				B596CD21276DD504006E449C /* PBXTargetDependency */,
			);
			name = CheckCovid;
			productName = CovidWidget;
			productReference = B5BDFD782765563900F55281 /* CheckCovid.app */;
			productType = "com.apple.product-type.application";
		};
/* End PBXNativeTarget section */

/* Begin PBXProject section */
		B5BDFD702765563900F55281 /* Project object */ = {
			isa = PBXProject;
			attributes = {
				BuildIndependentTargetsInParallel = 1;
				LastSwiftUpdateCheck = 1320;
				LastUpgradeCheck = 1310;
				TargetAttributes = {
					B596CD11276DD503006E449C = {
						CreatedOnToolsVersion = 13.2;
					};
					B5BDFD772765563900F55281 = {
						CreatedOnToolsVersion = 13.1;
					};
				};
			};
			buildConfigurationList = B5BDFD732765563900F55281 /* Build configuration list for PBXProject "CheckCovid" */;
			compatibilityVersion = "Xcode 13.0";
			developmentRegion = en;
			hasScannedForEncodings = 0;
			knownRegions = (
				en,
				Base,
			);
			mainGroup = B5BDFD6F2765563900F55281;
			productRefGroup = B5BDFD792765563900F55281 /* Products */;
			projectDirPath = "";
			projectRoot = "";
			targets = (
				B5BDFD772765563900F55281 /* CheckCovid */,
				B596CD11276DD503006E449C /* CovidWidgetExtension */,
			);
		};
/* End PBXProject section */

/* Begin PBXResourcesBuildPhase section */
		B596CD10276DD503006E449C /* Resources */ = {
			isa = PBXResourcesBuildPhase;
			buildActionMask = 2147483647;
			files = (
				B596CD1C276DD504006E449C /* Assets.xcassets in Resources */,
			);
			runOnlyForDeploymentPostprocessing = 0;
		};
		B5BDFD762765563900F55281 /* Resources */ = {
			isa = PBXResourcesBuildPhase;
			buildActionMask = 2147483647;
			files = (
				B5AB19A5276B9BAF001EEB1B /* CovidInfo.plist in Resources */,
				B5BDFD882765563A00F55281 /* LaunchScreen.storyboard in Resources */,
				B5F6AEAA2772504F002D2C05 /* CovidWidgetExtension.appex in Resources */,
				B5BDFD852765563A00F55281 /* Assets.xcassets in Resources */,
				B5BDFD832765563900F55281 /* Main.storyboard in Resources */,
			);
			runOnlyForDeploymentPostprocessing = 0;
		};
/* End PBXResourcesBuildPhase section */

/* Begin PBXShellScriptBuildPhase section */
		273BC285C6F8176CFD839672 /* [CP] Embed Pods Frameworks */ = {
			isa = PBXShellScriptBuildPhase;
			buildActionMask = 2147483647;
			files = (
			);
			inputFileListPaths = (
				"${PODS_ROOT}/Target Support Files/Pods-CheckCovid/Pods-CheckCovid-frameworks-${CONFIGURATION}-input-files.xcfilelist",
			);
			name = "[CP] Embed Pods Frameworks";
			outputFileListPaths = (
				"${PODS_ROOT}/Target Support Files/Pods-CheckCovid/Pods-CheckCovid-frameworks-${CONFIGURATION}-output-files.xcfilelist",
			);
			runOnlyForDeploymentPostprocessing = 0;
			shellPath = /bin/sh;
			shellScript = "\"${PODS_ROOT}/Target Support Files/Pods-CheckCovid/Pods-CheckCovid-frameworks.sh\"\n";
			showEnvVarsInLog = 0;
		};
		FBD3D0CE6AFB16FFB522062B /* [CP] Check Pods Manifest.lock */ = {
			isa = PBXShellScriptBuildPhase;
			buildActionMask = 2147483647;
			files = (
			);
			inputFileListPaths = (
			);
			inputPaths = (
				"${PODS_PODFILE_DIR_PATH}/Podfile.lock",
				"${PODS_ROOT}/Manifest.lock",
			);
			name = "[CP] Check Pods Manifest.lock";
			outputFileListPaths = (
			);
			outputPaths = (
				"$(DERIVED_FILE_DIR)/Pods-CheckCovid-checkManifestLockResult.txt",
			);
			runOnlyForDeploymentPostprocessing = 0;
			shellPath = /bin/sh;
			shellScript = "diff \"${PODS_PODFILE_DIR_PATH}/Podfile.lock\" \"${PODS_ROOT}/Manifest.lock\" > /dev/null\nif [ $? != 0 ] ; then\n    # print error to STDERR\n    echo \"error: The sandbox is not in sync with the Podfile.lock. Run 'pod install' or update your CocoaPods installation.\" >&2\n    exit 1\nfi\n# This output is used by Xcode 'outputs' to avoid re-running this script phase.\necho \"SUCCESS\" > \"${SCRIPT_OUTPUT_FILE_0}\"\n";
			showEnvVarsInLog = 0;
		};
/* End PBXShellScriptBuildPhase section */

/* Begin PBXSourcesBuildPhase section */
		B596CD0E276DD503006E449C /* Sources */ = {
			isa = PBXSourcesBuildPhase;
			buildActionMask = 2147483647;
			files = (
				B596CD1E276DD504006E449C /* CovidWidget.intentdefinition in Sources */,
				B5F6AEA027723C21002D2C05 /* CheckCovid+UserDefaults.swift in Sources */,
				B5D13B38277CE1B100C50DAB /* DailyCovidInfo.swift in Sources */,
				B5F6AE9F27723372002D2C05 /* CovidInfo.swift in Sources */,
				B596CD19276DD503006E449C /* CovidWidget.swift in Sources */,
			);
			runOnlyForDeploymentPostprocessing = 0;
		};
		B5BDFD742765563900F55281 /* Sources */ = {
			isa = PBXSourcesBuildPhase;
			buildActionMask = 2147483647;
			files = (
				B5AB19B3276CC957001EEB1B /* CovidInfoParser.swift in Sources */,
				B5AB19B5276CC96F001EEB1B /* CovidInfo.swift in Sources */,
				B5BDFD802765563900F55281 /* ViewController.swift in Sources */,
				B5AB19A7276B9F14001EEB1B /* CheckCovid+Bundle.swift in Sources */,
				B5F6AE9527721DC7002D2C05 /* CheckCovid+UserDefaults.swift in Sources */,
				B5141C952784E2C300482405 /* APIError.swift in Sources */,
				B5BDFD7C2765563900F55281 /* AppDelegate.swift in Sources */,
				B5A1F831278469640004E222 /* GubunTableViewCell.swift in Sources */,
				B5E8210927744C1200DFE4A3 /* APIRequest.swift in Sources */,
				B5D13B37277CE05C00C50DAB /* DailyCovidInfo.swift in Sources */,
				B5E8210B277473B000DFE4A3 /* APIService.swift in Sources */,
				B5BDFD7E2765563900F55281 /* SceneDelegate.swift in Sources */,
			);
			runOnlyForDeploymentPostprocessing = 0;
		};
/* End PBXSourcesBuildPhase section */

/* Begin PBXTargetDependency section */
		B596CD21276DD504006E449C /* PBXTargetDependency */ = {
			isa = PBXTargetDependency;
			target = B596CD11276DD503006E449C /* CovidWidgetExtension */;
			targetProxy = B596CD20276DD504006E449C /* PBXContainerItemProxy */;
		};
/* End PBXTargetDependency section */

/* Begin PBXVariantGroup section */
		B5BDFD812765563900F55281 /* Main.storyboard */ = {
			isa = PBXVariantGroup;
			children = (
				B5BDFD822765563900F55281 /* Base */,
			);
			name = Main.storyboard;
			sourceTree = "<group>";
		};
		B5BDFD862765563A00F55281 /* LaunchScreen.storyboard */ = {
			isa = PBXVariantGroup;
			children = (
				B5BDFD872765563A00F55281 /* Base */,
			);
			name = LaunchScreen.storyboard;
			sourceTree = "<group>";
		};
/* End PBXVariantGroup section */

/* Begin XCBuildConfiguration section */
		B596CD24276DD504006E449C /* Debug */ = {
			isa = XCBuildConfiguration;
			buildSettings = {
				ASSETCATALOG_COMPILER_GLOBAL_ACCENT_COLOR_NAME = AccentColor;
				ASSETCATALOG_COMPILER_WIDGET_BACKGROUND_COLOR_NAME = WidgetBackground;
				CODE_SIGN_ENTITLEMENTS = CovidWidgetExtension.entitlements;
				CODE_SIGN_STYLE = Automatic;
				CURRENT_PROJECT_VERSION = 1;
				DEVELOPMENT_TEAM = U6Q9G3RA4Y;
				GENERATE_INFOPLIST_FILE = YES;
				INFOPLIST_FILE = CovidWidget/Info.plist;
				INFOPLIST_KEY_CFBundleDisplayName = CovidWidget;
				INFOPLIST_KEY_NSHumanReadableCopyright = "";
				IPHONEOS_DEPLOYMENT_TARGET = 15.2;
				LD_RUNPATH_SEARCH_PATHS = (
					"$(inherited)",
					"@executable_path/Frameworks",
					"@executable_path/../../Frameworks",
				);
				MARKETING_VERSION = 1.0;
				PRODUCT_BUNDLE_IDENTIFIER = com.wickedrun.CheckCovid.CovidWidget;
				PRODUCT_NAME = "$(TARGET_NAME)";
				SKIP_INSTALL = YES;
				SWIFT_EMIT_LOC_STRINGS = YES;
				SWIFT_VERSION = 5.0;
				TARGETED_DEVICE_FAMILY = "1,2";
			};
			name = Debug;
		};
		B596CD25276DD504006E449C /* Release */ = {
			isa = XCBuildConfiguration;
			buildSettings = {
				ASSETCATALOG_COMPILER_GLOBAL_ACCENT_COLOR_NAME = AccentColor;
				ASSETCATALOG_COMPILER_WIDGET_BACKGROUND_COLOR_NAME = WidgetBackground;
				CODE_SIGN_ENTITLEMENTS = CovidWidgetExtension.entitlements;
				CODE_SIGN_STYLE = Automatic;
				CURRENT_PROJECT_VERSION = 1;
				DEVELOPMENT_TEAM = U6Q9G3RA4Y;
				GENERATE_INFOPLIST_FILE = YES;
				INFOPLIST_FILE = CovidWidget/Info.plist;
				INFOPLIST_KEY_CFBundleDisplayName = CovidWidget;
				INFOPLIST_KEY_NSHumanReadableCopyright = "";
				IPHONEOS_DEPLOYMENT_TARGET = 15.2;
				LD_RUNPATH_SEARCH_PATHS = (
					"$(inherited)",
					"@executable_path/Frameworks",
					"@executable_path/../../Frameworks",
				);
				MARKETING_VERSION = 1.0;
				PRODUCT_BUNDLE_IDENTIFIER = com.wickedrun.CheckCovid.CovidWidget;
				PRODUCT_NAME = "$(TARGET_NAME)";
				SKIP_INSTALL = YES;
				SWIFT_EMIT_LOC_STRINGS = YES;
				SWIFT_VERSION = 5.0;
				TARGETED_DEVICE_FAMILY = "1,2";
			};
			name = Release;
		};
		B5BDFD8A2765563A00F55281 /* Debug */ = {
			isa = XCBuildConfiguration;
			buildSettings = {
				ALWAYS_SEARCH_USER_PATHS = NO;
				CLANG_ANALYZER_NONNULL = YES;
				CLANG_ANALYZER_NUMBER_OBJECT_CONVERSION = YES_AGGRESSIVE;
				CLANG_CXX_LANGUAGE_STANDARD = "gnu++17";
				CLANG_CXX_LIBRARY = "libc++";
				CLANG_ENABLE_MODULES = YES;
				CLANG_ENABLE_OBJC_ARC = YES;
				CLANG_ENABLE_OBJC_WEAK = YES;
				CLANG_WARN_BLOCK_CAPTURE_AUTORELEASING = YES;
				CLANG_WARN_BOOL_CONVERSION = YES;
				CLANG_WARN_COMMA = YES;
				CLANG_WARN_CONSTANT_CONVERSION = YES;
				CLANG_WARN_DEPRECATED_OBJC_IMPLEMENTATIONS = YES;
				CLANG_WARN_DIRECT_OBJC_ISA_USAGE = YES_ERROR;
				CLANG_WARN_DOCUMENTATION_COMMENTS = YES;
				CLANG_WARN_EMPTY_BODY = YES;
				CLANG_WARN_ENUM_CONVERSION = YES;
				CLANG_WARN_INFINITE_RECURSION = YES;
				CLANG_WARN_INT_CONVERSION = YES;
				CLANG_WARN_NON_LITERAL_NULL_CONVERSION = YES;
				CLANG_WARN_OBJC_IMPLICIT_RETAIN_SELF = YES;
				CLANG_WARN_OBJC_LITERAL_CONVERSION = YES;
				CLANG_WARN_OBJC_ROOT_CLASS = YES_ERROR;
				CLANG_WARN_QUOTED_INCLUDE_IN_FRAMEWORK_HEADER = YES;
				CLANG_WARN_RANGE_LOOP_ANALYSIS = YES;
				CLANG_WARN_STRICT_PROTOTYPES = YES;
				CLANG_WARN_SUSPICIOUS_MOVE = YES;
				CLANG_WARN_UNGUARDED_AVAILABILITY = YES_AGGRESSIVE;
				CLANG_WARN_UNREACHABLE_CODE = YES;
				CLANG_WARN__DUPLICATE_METHOD_MATCH = YES;
				COPY_PHASE_STRIP = NO;
				DEBUG_INFORMATION_FORMAT = dwarf;
				ENABLE_STRICT_OBJC_MSGSEND = YES;
				ENABLE_TESTABILITY = YES;
				GCC_C_LANGUAGE_STANDARD = gnu11;
				GCC_DYNAMIC_NO_PIC = NO;
				GCC_NO_COMMON_BLOCKS = YES;
				GCC_OPTIMIZATION_LEVEL = 0;
				GCC_PREPROCESSOR_DEFINITIONS = (
					"DEBUG=1",
					"$(inherited)",
				);
				GCC_WARN_64_TO_32_BIT_CONVERSION = YES;
				GCC_WARN_ABOUT_RETURN_TYPE = YES_ERROR;
				GCC_WARN_UNDECLARED_SELECTOR = YES;
				GCC_WARN_UNINITIALIZED_AUTOS = YES_AGGRESSIVE;
				GCC_WARN_UNUSED_FUNCTION = YES;
				GCC_WARN_UNUSED_VARIABLE = YES;
				IPHONEOS_DEPLOYMENT_TARGET = 14.0;
				MTL_ENABLE_DEBUG_INFO = INCLUDE_SOURCE;
				MTL_FAST_MATH = YES;
				ONLY_ACTIVE_ARCH = YES;
				SDKROOT = iphoneos;
				SWIFT_ACTIVE_COMPILATION_CONDITIONS = DEBUG;
				SWIFT_OPTIMIZATION_LEVEL = "-Onone";
			};
			name = Debug;
		};
		B5BDFD8B2765563A00F55281 /* Release */ = {
			isa = XCBuildConfiguration;
			buildSettings = {
				ALWAYS_SEARCH_USER_PATHS = NO;
				CLANG_ANALYZER_NONNULL = YES;
				CLANG_ANALYZER_NUMBER_OBJECT_CONVERSION = YES_AGGRESSIVE;
				CLANG_CXX_LANGUAGE_STANDARD = "gnu++17";
				CLANG_CXX_LIBRARY = "libc++";
				CLANG_ENABLE_MODULES = YES;
				CLANG_ENABLE_OBJC_ARC = YES;
				CLANG_ENABLE_OBJC_WEAK = YES;
				CLANG_WARN_BLOCK_CAPTURE_AUTORELEASING = YES;
				CLANG_WARN_BOOL_CONVERSION = YES;
				CLANG_WARN_COMMA = YES;
				CLANG_WARN_CONSTANT_CONVERSION = YES;
				CLANG_WARN_DEPRECATED_OBJC_IMPLEMENTATIONS = YES;
				CLANG_WARN_DIRECT_OBJC_ISA_USAGE = YES_ERROR;
				CLANG_WARN_DOCUMENTATION_COMMENTS = YES;
				CLANG_WARN_EMPTY_BODY = YES;
				CLANG_WARN_ENUM_CONVERSION = YES;
				CLANG_WARN_INFINITE_RECURSION = YES;
				CLANG_WARN_INT_CONVERSION = YES;
				CLANG_WARN_NON_LITERAL_NULL_CONVERSION = YES;
				CLANG_WARN_OBJC_IMPLICIT_RETAIN_SELF = YES;
				CLANG_WARN_OBJC_LITERAL_CONVERSION = YES;
				CLANG_WARN_OBJC_ROOT_CLASS = YES_ERROR;
				CLANG_WARN_QUOTED_INCLUDE_IN_FRAMEWORK_HEADER = YES;
				CLANG_WARN_RANGE_LOOP_ANALYSIS = YES;
				CLANG_WARN_STRICT_PROTOTYPES = YES;
				CLANG_WARN_SUSPICIOUS_MOVE = YES;
				CLANG_WARN_UNGUARDED_AVAILABILITY = YES_AGGRESSIVE;
				CLANG_WARN_UNREACHABLE_CODE = YES;
				CLANG_WARN__DUPLICATE_METHOD_MATCH = YES;
				COPY_PHASE_STRIP = NO;
				DEBUG_INFORMATION_FORMAT = "dwarf-with-dsym";
				ENABLE_NS_ASSERTIONS = NO;
				ENABLE_STRICT_OBJC_MSGSEND = YES;
				GCC_C_LANGUAGE_STANDARD = gnu11;
				GCC_NO_COMMON_BLOCKS = YES;
				GCC_WARN_64_TO_32_BIT_CONVERSION = YES;
				GCC_WARN_ABOUT_RETURN_TYPE = YES_ERROR;
				GCC_WARN_UNDECLARED_SELECTOR = YES;
				GCC_WARN_UNINITIALIZED_AUTOS = YES_AGGRESSIVE;
				GCC_WARN_UNUSED_FUNCTION = YES;
				GCC_WARN_UNUSED_VARIABLE = YES;
				IPHONEOS_DEPLOYMENT_TARGET = 14.0;
				MTL_ENABLE_DEBUG_INFO = NO;
				MTL_FAST_MATH = YES;
				SDKROOT = iphoneos;
				SWIFT_COMPILATION_MODE = wholemodule;
				SWIFT_OPTIMIZATION_LEVEL = "-O";
				VALIDATE_PRODUCT = YES;
			};
			name = Release;
		};
		B5BDFD8D2765563A00F55281 /* Debug */ = {
			isa = XCBuildConfiguration;
			baseConfigurationReference = C1CE94ED8F96764A2695677E /* Pods-CheckCovid.debug.xcconfig */;
			buildSettings = {
				ALWAYS_EMBED_SWIFT_STANDARD_LIBRARIES = YES;
				ASSETCATALOG_COMPILER_APPICON_NAME = AppIcon;
				ASSETCATALOG_COMPILER_GLOBAL_ACCENT_COLOR_NAME = AccentColor;
				CODE_SIGN_ENTITLEMENTS = CheckCovid/CheckCovid.entitlements;
				CODE_SIGN_STYLE = Automatic;
				CURRENT_PROJECT_VERSION = 1;
				DEVELOPMENT_TEAM = U6Q9G3RA4Y;
				GENERATE_INFOPLIST_FILE = YES;
				INFOPLIST_FILE = CheckCovid/Info.plist;
				INFOPLIST_KEY_UIApplicationSupportsIndirectInputEvents = YES;
				INFOPLIST_KEY_UILaunchStoryboardName = LaunchScreen;
				INFOPLIST_KEY_UIMainStoryboardFile = Main;
				INFOPLIST_KEY_UISupportedInterfaceOrientations_iPad = "UIInterfaceOrientationPortrait UIInterfaceOrientationPortraitUpsideDown UIInterfaceOrientationLandscapeLeft UIInterfaceOrientationLandscapeRight";
				INFOPLIST_KEY_UISupportedInterfaceOrientations_iPhone = "UIInterfaceOrientationPortrait UIInterfaceOrientationLandscapeLeft UIInterfaceOrientationLandscapeRight";
				LD_RUNPATH_SEARCH_PATHS = (
					"$(inherited)",
					"@executable_path/Frameworks",
				);
				MARKETING_VERSION = 1.0;
				PRODUCT_BUNDLE_IDENTIFIER = com.wickedrun.CheckCovid;
				PRODUCT_NAME = "$(TARGET_NAME)";
				SWIFT_EMIT_LOC_STRINGS = YES;
				SWIFT_VERSION = 5.0;
				TARGETED_DEVICE_FAMILY = "1,2";
			};
			name = Debug;
		};
		B5BDFD8E2765563A00F55281 /* Release */ = {
			isa = XCBuildConfiguration;
			baseConfigurationReference = 6CB4AF048AE9FF54136056A0 /* Pods-CheckCovid.release.xcconfig */;
			buildSettings = {
				ALWAYS_EMBED_SWIFT_STANDARD_LIBRARIES = YES;
				ASSETCATALOG_COMPILER_APPICON_NAME = AppIcon;
				ASSETCATALOG_COMPILER_GLOBAL_ACCENT_COLOR_NAME = AccentColor;
				CODE_SIGN_ENTITLEMENTS = CheckCovid/CheckCovid.entitlements;
				CODE_SIGN_STYLE = Automatic;
				CURRENT_PROJECT_VERSION = 1;
				DEVELOPMENT_TEAM = U6Q9G3RA4Y;
				GENERATE_INFOPLIST_FILE = YES;
				INFOPLIST_FILE = CheckCovid/Info.plist;
				INFOPLIST_KEY_UIApplicationSupportsIndirectInputEvents = YES;
				INFOPLIST_KEY_UILaunchStoryboardName = LaunchScreen;
				INFOPLIST_KEY_UIMainStoryboardFile = Main;
				INFOPLIST_KEY_UISupportedInterfaceOrientations_iPad = "UIInterfaceOrientationPortrait UIInterfaceOrientationPortraitUpsideDown UIInterfaceOrientationLandscapeLeft UIInterfaceOrientationLandscapeRight";
				INFOPLIST_KEY_UISupportedInterfaceOrientations_iPhone = "UIInterfaceOrientationPortrait UIInterfaceOrientationLandscapeLeft UIInterfaceOrientationLandscapeRight";
				LD_RUNPATH_SEARCH_PATHS = (
					"$(inherited)",
					"@executable_path/Frameworks",
				);
				MARKETING_VERSION = 1.0;
				PRODUCT_BUNDLE_IDENTIFIER = com.wickedrun.CheckCovid;
				PRODUCT_NAME = "$(TARGET_NAME)";
				SWIFT_EMIT_LOC_STRINGS = YES;
				SWIFT_VERSION = 5.0;
				TARGETED_DEVICE_FAMILY = "1,2";
			};
			name = Release;
		};
/* End XCBuildConfiguration section */

/* Begin XCConfigurationList section */
		B596CD23276DD504006E449C /* Build configuration list for PBXNativeTarget "CovidWidgetExtension" */ = {
			isa = XCConfigurationList;
			buildConfigurations = (
				B596CD24276DD504006E449C /* Debug */,
				B596CD25276DD504006E449C /* Release */,
			);
			defaultConfigurationIsVisible = 0;
			defaultConfigurationName = Release;
		};
		B5BDFD732765563900F55281 /* Build configuration list for PBXProject "CheckCovid" */ = {
			isa = XCConfigurationList;
			buildConfigurations = (
				B5BDFD8A2765563A00F55281 /* Debug */,
				B5BDFD8B2765563A00F55281 /* Release */,
			);
			defaultConfigurationIsVisible = 0;
			defaultConfigurationName = Release;
		};
		B5BDFD8C2765563A00F55281 /* Build configuration list for PBXNativeTarget "CheckCovid" */ = {
			isa = XCConfigurationList;
			buildConfigurations = (
				B5BDFD8D2765563A00F55281 /* Debug */,
				B5BDFD8E2765563A00F55281 /* Release */,
			);
			defaultConfigurationIsVisible = 0;
			defaultConfigurationName = Release;
		};
/* End XCConfigurationList section */
	};
	rootObject = B5BDFD702765563900F55281 /* Project object */;
}
